
Microsoft Visual Studio Solution File, Format Version 12.00
Project("{FAE04EC0-301F-11D3-BF4B-00C04F79EFBC}") = "MortenRoemer.Tools.Framework", "MortenRoemer.Tools.Framework\MortenRoemer.Tools.Framework.csproj", "{EE9C5AFA-F481-4546-81EC-360A39B04F6A}"
EndProject
Project("{FAE04EC0-301F-11D3-BF4B-00C04F79EFBC}") = "MortenRoemer.Tools.Framework.Testing", "MortenRoemer.Tools.Framework.Testing\MortenRoemer.Tools.Framework.Testing.csproj", "{0A250517-E8C8-4097-9905-391840B805E6}"
EndProject
Project("{FAE04EC0-301F-11D3-BF4B-00C04F79EFBC}") = "MortenRoemer.Tools.Sync", "MortenRoemer.Tools.Sync\MortenRoemer.Tools.Sync.csproj", "{19C695C7-DA03-4D59-9E79-B17F55D499F6}"
EndProject
Global
	GlobalSection(SolutionConfigurationPlatforms) = preSolution
		Debug|Any CPU = Debug|Any CPU
		Release|Any CPU = Release|Any CPU
	EndGlobalSection
	GlobalSection(ProjectConfigurationPlatforms) = postSolution
		{EE9C5AFA-F481-4546-81EC-360A39B04F6A}.Debug|Any CPU.ActiveCfg = Debug|Any CPU
		{EE9C5AFA-F481-4546-81EC-360A39B04F6A}.Debug|Any CPU.Build.0 = Debug|Any CPU
		{EE9C5AFA-F481-4546-81EC-360A39B04F6A}.Release|Any CPU.ActiveCfg = Release|Any CPU
		{EE9C5AFA-F481-4546-81EC-360A39B04F6A}.Release|Any CPU.Build.0 = Release|Any CPU
		{0A250517-E8C8-4097-9905-391840B805E6}.Debug|Any CPU.ActiveCfg = Debug|Any CPU
		{0A250517-E8C8-4097-9905-391840B805E6}.Debug|Any CPU.Build.0 = Debug|Any CPU
		{0A250517-E8C8-4097-9905-391840B805E6}.Release|Any CPU.ActiveCfg = Release|Any CPU
		{0A250517-E8C8-4097-9905-391840B805E6}.Release|Any CPU.Build.0 = Release|Any CPU
		{19C695C7-DA03-4D59-9E79-B17F55D499F6}.Debug|Any CPU.ActiveCfg = Debug|Any CPU
		{19C695C7-DA03-4D59-9E79-B17F55D499F6}.Debug|Any CPU.Build.0 = Debug|Any CPU
		{19C695C7-DA03-4D59-9E79-B17F55D499F6}.Release|Any CPU.ActiveCfg = Release|Any CPU
		{19C695C7-DA03-4D59-9E79-B17F55D499F6}.Release|Any CPU.Build.0 = Release|Any CPU
	EndGlobalSection
EndGlobal
